
Microsoft Visual Studio Solution File, Format Version 12.00
# Visual Studio Version 17
VisualStudioVersion = 17.0.31903.59
MinimumVisualStudioVersion = 10.0.40219.1
Project("{FAE04EC0-301F-11D3-BF4B-00C04F79EFBC}") = "BakeryAPI", "BakeryAPI.csproj", "{998CEB57-8677-4207-B316-D492F0A89200}"
EndProject
Project("{FAE04EC0-301F-11D3-BF4B-00C04F79EFBC}") = "Bakery.BLL", "Bakery.BLL\Bakery.BLL.csproj", "{24EE64ED-6834-423B-889B-98991CA6EB88}"
EndProject
Project("{FAE04EC0-301F-11D3-BF4B-00C04F79EFBC}") = "Bakery.DAL", "Bakery.DAL\Bakery.DAL.csproj", "{CF57CD05-636F-4941-ACB3-052212FB4594}"
EndProject
Global
	GlobalSection(SolutionConfigurationPlatforms) = preSolution
		Debug|Any CPU = Debug|Any CPU
		Debug|x64 = Debug|x64
		Debug|x86 = Debug|x86
		Release|Any CPU = Release|Any CPU
		Release|x64 = Release|x64
		Release|x86 = Release|x86
	EndGlobalSection
	GlobalSection(ProjectConfigurationPlatforms) = postSolution
		{998CEB57-8677-4207-B316-D492F0A89200}.Debug|Any CPU.ActiveCfg = Debug|Any CPU
		{998CEB57-8677-4207-B316-D492F0A89200}.Debug|Any CPU.Build.0 = Debug|Any CPU
		{998CEB57-8677-4207-B316-D492F0A89200}.Debug|x64.ActiveCfg = Debug|Any CPU
		{998CEB57-8677-4207-B316-D492F0A89200}.Debug|x64.Build.0 = Debug|Any CPU
		{998CEB57-8677-4207-B316-D492F0A89200}.Debug|x86.ActiveCfg = Debug|Any CPU
		{998CEB57-8677-4207-B316-D492F0A89200}.Debug|x86.Build.0 = Debug|Any CPU
		{998CEB57-8677-4207-B316-D492F0A89200}.Release|Any CPU.ActiveCfg = Release|Any CPU
		{998CEB57-8677-4207-B316-D492F0A89200}.Release|Any CPU.Build.0 = Release|Any CPU
		{998CEB57-8677-4207-B316-D492F0A89200}.Release|x64.ActiveCfg = Release|Any CPU
		{998CEB57-8677-4207-B316-D492F0A89200}.Release|x64.Build.0 = Release|Any CPU
		{998CEB57-8677-4207-B316-D492F0A89200}.Release|x86.ActiveCfg = Release|Any CPU
		{998CEB57-8677-4207-B316-D492F0A89200}.Release|x86.Build.0 = Release|Any CPU
		{24EE64ED-6834-423B-889B-98991CA6EB88}.Debug|Any CPU.ActiveCfg = Debug|Any CPU
		{24EE64ED-6834-423B-889B-98991CA6EB88}.Debug|Any CPU.Build.0 = Debug|Any CPU
		{24EE64ED-6834-423B-889B-98991CA6EB88}.Debug|x64.ActiveCfg = Debug|Any CPU
		{24EE64ED-6834-423B-889B-98991CA6EB88}.Debug|x64.Build.0 = Debug|Any CPU
		{24EE64ED-6834-423B-889B-98991CA6EB88}.Debug|x86.ActiveCfg = Debug|Any CPU
		{24EE64ED-6834-423B-889B-98991CA6EB88}.Debug|x86.Build.0 = Debug|Any CPU
		{24EE64ED-6834-423B-889B-98991CA6EB88}.Release|Any CPU.ActiveCfg = Release|Any CPU
		{24EE64ED-6834-423B-889B-98991CA6EB88}.Release|Any CPU.Build.0 = Release|Any CPU
		{24EE64ED-6834-423B-889B-98991CA6EB88}.Release|x64.ActiveCfg = Release|Any CPU
		{24EE64ED-6834-423B-889B-98991CA6EB88}.Release|x64.Build.0 = Release|Any CPU
		{24EE64ED-6834-423B-889B-98991CA6EB88}.Release|x86.ActiveCfg = Release|Any CPU
		{24EE64ED-6834-423B-889B-98991CA6EB88}.Release|x86.Build.0 = Release|Any CPU
		{CF57CD05-636F-4941-ACB3-052212FB4594}.Debug|Any CPU.ActiveCfg = Debug|Any CPU
		{CF57CD05-636F-4941-ACB3-052212FB4594}.Debug|Any CPU.Build.0 = Debug|Any CPU
		{CF57CD05-636F-4941-ACB3-052212FB4594}.Debug|x64.ActiveCfg = Debug|Any CPU
		{CF57CD05-636F-4941-ACB3-052212FB4594}.Debug|x64.Build.0 = Debug|Any CPU
		{CF57CD05-636F-4941-ACB3-052212FB4594}.Debug|x86.ActiveCfg = Debug|Any CPU
		{CF57CD05-636F-4941-ACB3-052212FB4594}.Debug|x86.Build.0 = Debug|Any CPU
		{CF57CD05-636F-4941-ACB3-052212FB4594}.Release|Any CPU.ActiveCfg = Release|Any CPU
		{CF57CD05-636F-4941-ACB3-052212FB4594}.Release|Any CPU.Build.0 = Release|Any CPU
		{CF57CD05-636F-4941-ACB3-052212FB4594}.Release|x64.ActiveCfg = Release|Any CPU
		{CF57CD05-636F-4941-ACB3-052212FB4594}.Release|x64.Build.0 = Release|Any CPU
		{CF57CD05-636F-4941-ACB3-052212FB4594}.Release|x86.ActiveCfg = Release|Any CPU
		{CF57CD05-636F-4941-ACB3-052212FB4594}.Release|x86.Build.0 = Release|Any CPU
	EndGlobalSection
	GlobalSection(SolutionProperties) = preSolution
		HideSolutionNode = FALSE
	EndGlobalSection
EndGlobal
